# This file is automatically @generated by Cargo.
# It is not intended for manual editing.
version = 4

[[package]]
name = "lingbi-ai"
version = "0.1.0"

[[package]]
name = "lingbi-application"
version = "0.1.0"

[[package]]
name = "lingbi-contracts"
version = "0.1.0"

[[package]]
name = "lingbi-domain"
version = "0.1.0"

[[package]]
name = "lingbi-ffi"
version = "0.1.0"

[[package]]
name = "lingbi-import-export"
version = "0.1.0"

[[package]]
name = "lingbi-mutation"
version = "0.1.0"

[[package]]
name = "lingbi-project"
version = "0.1.0"

[[package]]
name = "lingbi-recovery"
version = "0.1.0"

[[package]]
name = "lingbi-security"
version = "0.1.0"

[[package]]
name = "lingbi-storage"
version = "0.1.0"

[[package]]
name = "lingbi-writing"
version = "0.1.0"
